// !$*UTF8*$!
{
	archiveVersion = 1;
	classes = {
	};
	objectVersion = 56;
	objects = {

/* Begin PBXBuildFile section */
		1E30D1EE2A615D3800F4CB94 /* ApiCaller.swift in Sources */ = {isa = PBXBuildFile; fileRef = 1E30D1ED2A615D3800F4CB94 /* ApiCaller.swift */; };
		1E30D1F02A61667800F4CB94 /* Movie.swift in Sources */ = {isa = PBXBuildFile; fileRef = 1E30D1EF2A61667800F4CB94 /* Movie.swift */; };
		1E30D1F22A616C8D00F4CB94 /* Extensions.swift in Sources */ = {isa = PBXBuildFile; fileRef = 1E30D1F12A616C8D00F4CB94 /* Extensions.swift */; };
		1E30D1F42A61719500F4CB94 /* Tv.swift in Sources */ = {isa = PBXBuildFile; fileRef = 1E30D1F32A61719500F4CB94 /* Tv.swift */; };
		1E30D1F62A61E27C00F4CB94 /* TitleCollectionViewCell.swift in Sources */ = {isa = PBXBuildFile; fileRef = 1E30D1F52A61E27C00F4CB94 /* TitleCollectionViewCell.swift */; };
		1E30D1F92A61E38300F4CB94 /* SDWebImage in Frameworks */ = {isa = PBXBuildFile; productRef = 1E30D1F82A61E38300F4CB94 /* SDWebImage */; };
		1E30D1FB2A61E38300F4CB94 /* SDWebImageMapKit in Frameworks */ = {isa = PBXBuildFile; productRef = 1E30D1FA2A61E38300F4CB94 /* SDWebImageMapKit */; };
		1E5746882A62C0A60094CFA9 /* ACarousel in Frameworks */ = {isa = PBXBuildFile; productRef = 1E5746872A62C0A60094CFA9 /* ACarousel */; };
		1E6045FE2A6BB90D00FC0141 /* ScalingCarousel in Frameworks */ = {isa = PBXBuildFile; productRef = 1E6045FD2A6BB90D00FC0141 /* ScalingCarousel */; };
		1E6046002A6BB9B500FC0141 /* TableHeaderViewCarouselCellCollectionViewCell.swift in Sources */ = {isa = PBXBuildFile; fileRef = 1E6045FF2A6BB9B500FC0141 /* TableHeaderViewCarouselCellCollectionViewCell.swift */; };
		1E84B4A02A547B4900989B79 /* CollectionViewTableViewCell.swift in Sources */ = {isa = PBXBuildFile; fileRef = 1E84B49F2A547B4900989B79 /* CollectionViewTableViewCell.swift */; };
		1EB8ED7B2A6C715500E970CF /* MovieTableViewCell.swift in Sources */ = {isa = PBXBuildFile; fileRef = 1EB8ED7A2A6C715500E970CF /* MovieTableViewCell.swift */; };
		1EDF03042A542D1E00985EBE /* AppDelegate.swift in Sources */ = {isa = PBXBuildFile; fileRef = 1EDF03032A542D1E00985EBE /* AppDelegate.swift */; };
		1EDF03062A542D1E00985EBE /* SceneDelegate.swift in Sources */ = {isa = PBXBuildFile; fileRef = 1EDF03052A542D1E00985EBE /* SceneDelegate.swift */; };
		1EDF03082A542D1E00985EBE /* MainTabBarViewController.swift in Sources */ = {isa = PBXBuildFile; fileRef = 1EDF03072A542D1E00985EBE /* MainTabBarViewController.swift */; };
		1EDF030D2A542D1F00985EBE /* Assets.xcassets in Resources */ = {isa = PBXBuildFile; fileRef = 1EDF030C2A542D1F00985EBE /* Assets.xcassets */; };
		1EDF03102A542D1F00985EBE /* LaunchScreen.storyboard in Resources */ = {isa = PBXBuildFile; fileRef = 1EDF030E2A542D1F00985EBE /* LaunchScreen.storyboard */; };
		1EDF031A2A5430D800985EBE /* HomeViewController.swift in Sources */ = {isa = PBXBuildFile; fileRef = 1EDF03192A5430D800985EBE /* HomeViewController.swift */; };
		1EDF031C2A5430FE00985EBE /* UpcomingViewController.swift in Sources */ = {isa = PBXBuildFile; fileRef = 1EDF031B2A5430FE00985EBE /* UpcomingViewController.swift */; };
		1EDF031E2A54311500985EBE /* SearchViewController.swift in Sources */ = {isa = PBXBuildFile; fileRef = 1EDF031D2A54311500985EBE /* SearchViewController.swift */; };
		1EDF03202A54312C00985EBE /* DownloadsViewController.swift in Sources */ = {isa = PBXBuildFile; fileRef = 1EDF031F2A54312C00985EBE /* DownloadsViewController.swift */; };
		1EFF626B2A55AB2E00D953A9 /* HeroHeaderUIView.swift in Sources */ = {isa = PBXBuildFile; fileRef = 1EFF626A2A55AB2E00D953A9 /* HeroHeaderUIView.swift */; };
/* End PBXBuildFile section */

/* Begin PBXFileReference section */
		1E30D1ED2A615D3800F4CB94 /* ApiCaller.swift */ = {isa = PBXFileReference; lastKnownFileType = sourcecode.swift; path = ApiCaller.swift; sourceTree = "<group>"; };
		1E30D1EF2A61667800F4CB94 /* Movie.swift */ = {isa = PBXFileReference; lastKnownFileType = sourcecode.swift; path = Movie.swift; sourceTree = "<group>"; };
		1E30D1F12A616C8D00F4CB94 /* Extensions.swift */ = {isa = PBXFileReference; lastKnownFileType = sourcecode.swift; path = Extensions.swift; sourceTree = "<group>"; };
		1E30D1F32A61719500F4CB94 /* Tv.swift */ = {isa = PBXFileReference; lastKnownFileType = sourcecode.swift; path = Tv.swift; sourceTree = "<group>"; };
		1E30D1F52A61E27C00F4CB94 /* TitleCollectionViewCell.swift */ = {isa = PBXFileReference; lastKnownFileType = sourcecode.swift; path = TitleCollectionViewCell.swift; sourceTree = "<group>"; };
		1E6045FF2A6BB9B500FC0141 /* TableHeaderViewCarouselCellCollectionViewCell.swift */ = {isa = PBXFileReference; lastKnownFileType = sourcecode.swift; path = TableHeaderViewCarouselCellCollectionViewCell.swift; sourceTree = "<group>"; };
		1E84B49F2A547B4900989B79 /* CollectionViewTableViewCell.swift */ = {isa = PBXFileReference; lastKnownFileType = sourcecode.swift; path = CollectionViewTableViewCell.swift; sourceTree = "<group>"; };
		1EB8ED7A2A6C715500E970CF /* MovieTableViewCell.swift */ = {isa = PBXFileReference; lastKnownFileType = sourcecode.swift; path = MovieTableViewCell.swift; sourceTree = "<group>"; };
		1EDF03002A542D1E00985EBE /* NetflixClone.app */ = {isa = PBXFileReference; explicitFileType = wrapper.application; includeInIndex = 0; path = NetflixClone.app; sourceTree = BUILT_PRODUCTS_DIR; };
		1EDF03032A542D1E00985EBE /* AppDelegate.swift */ = {isa = PBXFileReference; lastKnownFileType = sourcecode.swift; path = AppDelegate.swift; sourceTree = "<group>"; };
		1EDF03052A542D1E00985EBE /* SceneDelegate.swift */ = {isa = PBXFileReference; lastKnownFileType = sourcecode.swift; path = SceneDelegate.swift; sourceTree = "<group>"; };
		1EDF03072A542D1E00985EBE /* MainTabBarViewController.swift */ = {isa = PBXFileReference; lastKnownFileType = sourcecode.swift; path = MainTabBarViewController.swift; sourceTree = "<group>"; };
		1EDF030C2A542D1F00985EBE /* Assets.xcassets */ = {isa = PBXFileReference; lastKnownFileType = folder.assetcatalog; path = Assets.xcassets; sourceTree = "<group>"; };
		1EDF030F2A542D1F00985EBE /* Base */ = {isa = PBXFileReference; lastKnownFileType = file.storyboard; name = Base; path = Base.lproj/LaunchScreen.storyboard; sourceTree = "<group>"; };
		1EDF03112A542D1F00985EBE /* Info.plist */ = {isa = PBXFileReference; lastKnownFileType = text.plist.xml; path = Info.plist; sourceTree = "<group>"; };
		1EDF03192A5430D800985EBE /* HomeViewController.swift */ = {isa = PBXFileReference; lastKnownFileType = sourcecode.swift; path = HomeViewController.swift; sourceTree = "<group>"; };
		1EDF031B2A5430FE00985EBE /* UpcomingViewController.swift */ = {isa = PBXFileReference; lastKnownFileType = sourcecode.swift; path = UpcomingViewController.swift; sourceTree = "<group>"; };
		1EDF031D2A54311500985EBE /* SearchViewController.swift */ = {isa = PBXFileReference; lastKnownFileType = sourcecode.swift; path = SearchViewController.swift; sourceTree = "<group>"; };
		1EDF031F2A54312C00985EBE /* DownloadsViewController.swift */ = {isa = PBXFileReference; lastKnownFileType = sourcecode.swift; path = DownloadsViewController.swift; sourceTree = "<group>"; };
		1EFF626A2A55AB2E00D953A9 /* HeroHeaderUIView.swift */ = {isa = PBXFileReference; lastKnownFileType = sourcecode.swift; path = HeroHeaderUIView.swift; sourceTree = "<group>"; };
/* End PBXFileReference section */

/* Begin PBXFrameworksBuildPhase section */
		1EDF02FD2A542D1E00985EBE /* Frameworks */ = {
			isa = PBXFrameworksBuildPhase;
			buildActionMask = 2147483647;
			files = (
				1E30D1FB2A61E38300F4CB94 /* SDWebImageMapKit in Frameworks */,
				1E5746882A62C0A60094CFA9 /* ACarousel in Frameworks */,
				1E6045FE2A6BB90D00FC0141 /* ScalingCarousel in Frameworks */,
				1E30D1F92A61E38300F4CB94 /* SDWebImage in Frameworks */,
			);
			runOnlyForDeploymentPostprocessing = 0;
		};
/* End PBXFrameworksBuildPhase section */

/* Begin PBXGroup section */
		1E627C5A2A54797A008AC834 /* Views */ = {
			isa = PBXGroup;
			children = (
				1E84B49F2A547B4900989B79 /* CollectionViewTableViewCell.swift */,
				1EFF626A2A55AB2E00D953A9 /* HeroHeaderUIView.swift */,
				1E30D1F52A61E27C00F4CB94 /* TitleCollectionViewCell.swift */,
				1E6045FF2A6BB9B500FC0141 /* TableHeaderViewCarouselCellCollectionViewCell.swift */,
				1EB8ED7A2A6C715500E970CF /* MovieTableViewCell.swift */,
			);
			path = Views;
			sourceTree = "<group>";
		};
		1E627C5C2A54799E008AC834 /* ViewModels */ = {
			isa = PBXGroup;
			children = (
			);
			path = ViewModels;
			sourceTree = "<group>";
		};
		1E627C5D2A5479AB008AC834 /* Models */ = {
			isa = PBXGroup;
			children = (
				1E30D1EF2A61667800F4CB94 /* Movie.swift */,
				1E30D1F32A61719500F4CB94 /* Tv.swift */,
			);
			path = Models;
			sourceTree = "<group>";
		};
		1E627C5E2A5479CF008AC834 /* Resources */ = {
			isa = PBXGroup;
			children = (
				1E30D1F12A616C8D00F4CB94 /* Extensions.swift */,
			);
			path = Resources;
			sourceTree = "<group>";
		};
		1E627C5F2A5479D6008AC834 /* Managers */ = {
			isa = PBXGroup;
			children = (
				1E30D1ED2A615D3800F4CB94 /* ApiCaller.swift */,
			);
			path = Managers;
			sourceTree = "<group>";
		};
		1EDF02F72A542D1E00985EBE = {
			isa = PBXGroup;
			children = (
				1EDF03022A542D1E00985EBE /* NetflixClone */,
				1EDF03012A542D1E00985EBE /* Products */,
			);
			sourceTree = "<group>";
		};
		1EDF03012A542D1E00985EBE /* Products */ = {
			isa = PBXGroup;
			children = (
				1EDF03002A542D1E00985EBE /* NetflixClone.app */,
			);
			name = Products;
			sourceTree = "<group>";
		};
		1EDF03022A542D1E00985EBE /* NetflixClone */ = {
			isa = PBXGroup;
			children = (
				1E627C5F2A5479D6008AC834 /* Managers */,
				1E627C5E2A5479CF008AC834 /* Resources */,
				1E627C5D2A5479AB008AC834 /* Models */,
				1E627C5C2A54799E008AC834 /* ViewModels */,
				1E627C5A2A54797A008AC834 /* Views */,
				1EDF03182A5430CA00985EBE /* Controllers */,
				1EDF03032A542D1E00985EBE /* AppDelegate.swift */,
				1EDF03052A542D1E00985EBE /* SceneDelegate.swift */,
				1EDF03072A542D1E00985EBE /* MainTabBarViewController.swift */,
				1EDF030C2A542D1F00985EBE /* Assets.xcassets */,
				1EDF030E2A542D1F00985EBE /* LaunchScreen.storyboard */,
				1EDF03112A542D1F00985EBE /* Info.plist */,
			);
			path = NetflixClone;
			sourceTree = "<group>";
		};
		1EDF03182A5430CA00985EBE /* Controllers */ = {
			isa = PBXGroup;
			children = (
				1EDF03192A5430D800985EBE /* HomeViewController.swift */,
				1EDF031B2A5430FE00985EBE /* UpcomingViewController.swift */,
				1EDF031D2A54311500985EBE /* SearchViewController.swift */,
				1EDF031F2A54312C00985EBE /* DownloadsViewController.swift */,
			);
			path = Controllers;
			sourceTree = "<group>";
		};
/* End PBXGroup section */

/* Begin PBXNativeTarget section */
		1EDF02FF2A542D1E00985EBE /* NetflixClone */ = {
			isa = PBXNativeTarget;
			buildConfigurationList = 1EDF03142A542D1F00985EBE /* Build configuration list for PBXNativeTarget "NetflixClone" */;
			buildPhases = (
				1EDF02FC2A542D1E00985EBE /* Sources */,
				1EDF02FD2A542D1E00985EBE /* Frameworks */,
				1EDF02FE2A542D1E00985EBE /* Resources */,
			);
			buildRules = (
			);
			dependencies = (
			);
			name = NetflixClone;
			packageProductDependencies = (
				1E30D1F82A61E38300F4CB94 /* SDWebImage */,
				1E30D1FA2A61E38300F4CB94 /* SDWebImageMapKit */,
				1E5746872A62C0A60094CFA9 /* ACarousel */,
				1E6045FD2A6BB90D00FC0141 /* ScalingCarousel */,
			);
			productName = NetflixClone;
			productReference = 1EDF03002A542D1E00985EBE /* NetflixClone.app */;
			productType = "com.apple.product-type.application";
		};
/* End PBXNativeTarget section */

/* Begin PBXProject section */
		1EDF02F82A542D1E00985EBE /* Project object */ = {
			isa = PBXProject;
			attributes = {
				BuildIndependentTargetsInParallel = 1;
				LastSwiftUpdateCheck = 1430;
				LastUpgradeCheck = 1430;
				TargetAttributes = {
					1EDF02FF2A542D1E00985EBE = {
						CreatedOnToolsVersion = 14.3.1;
					};
				};
			};
			buildConfigurationList = 1EDF02FB2A542D1E00985EBE /* Build configuration list for PBXProject "NetflixClone" */;
			compatibilityVersion = "Xcode 14.0";
			developmentRegion = en;
			hasScannedForEncodings = 0;
			knownRegions = (
				en,
				Base,
			);
			mainGroup = 1EDF02F72A542D1E00985EBE;
			packageReferences = (
				1E30D1F72A61E38200F4CB94 /* XCRemoteSwiftPackageReference "SDWebImage" */,
				1E5746862A62C0A60094CFA9 /* XCRemoteSwiftPackageReference "ACarousel" */,
				1E6045FC2A6BB90D00FC0141 /* XCRemoteSwiftPackageReference "ScalingCarousel" */,
			);
			productRefGroup = 1EDF03012A542D1E00985EBE /* Products */;
			projectDirPath = "";
			projectRoot = "";
			targets = (
				1EDF02FF2A542D1E00985EBE /* NetflixClone */,
			);
		};
/* End PBXProject section */

/* Begin PBXResourcesBuildPhase section */
		1EDF02FE2A542D1E00985EBE /* Resources */ = {
			isa = PBXResourcesBuildPhase;
			buildActionMask = 2147483647;
			files = (
				1EDF03102A542D1F00985EBE /* LaunchScreen.storyboard in Resources */,
				1EDF030D2A542D1F00985EBE /* Assets.xcassets in Resources */,
			);
			runOnlyForDeploymentPostprocessing = 0;
		};
/* End PBXResourcesBuildPhase section */

/* Begin PBXSourcesBuildPhase section */
		1EDF02FC2A542D1E00985EBE /* Sources */ = {
			isa = PBXSourcesBuildPhase;
			buildActionMask = 2147483647;
			files = (
				1EDF031E2A54311500985EBE /* SearchViewController.swift in Sources */,
				1EDF03082A542D1E00985EBE /* MainTabBarViewController.swift in Sources */,
				1E84B4A02A547B4900989B79 /* CollectionViewTableViewCell.swift in Sources */,
				1EFF626B2A55AB2E00D953A9 /* HeroHeaderUIView.swift in Sources */,
				1EDF03202A54312C00985EBE /* DownloadsViewController.swift in Sources */,
				1E6046002A6BB9B500FC0141 /* TableHeaderViewCarouselCellCollectionViewCell.swift in Sources */,
				1EB8ED7B2A6C715500E970CF /* MovieTableViewCell.swift in Sources */,
				1EDF03042A542D1E00985EBE /* AppDelegate.swift in Sources */,
				1EDF03062A542D1E00985EBE /* SceneDelegate.swift in Sources */,
				1E30D1F62A61E27C00F4CB94 /* TitleCollectionViewCell.swift in Sources */,
				1E30D1F22A616C8D00F4CB94 /* Extensions.swift in Sources */,
				1EDF031C2A5430FE00985EBE /* UpcomingViewController.swift in Sources */,
				1EDF031A2A5430D800985EBE /* HomeViewController.swift in Sources */,
				1E30D1F02A61667800F4CB94 /* Movie.swift in Sources */,
				1E30D1F42A61719500F4CB94 /* Tv.swift in Sources */,
				1E30D1EE2A615D3800F4CB94 /* ApiCaller.swift in Sources */,
			);
			runOnlyForDeploymentPostprocessing = 0;
		};
/* End PBXSourcesBuildPhase section */

/* Begin PBXVariantGroup section */
		1EDF030E2A542D1F00985EBE /* LaunchScreen.storyboard */ = {
			isa = PBXVariantGroup;
			children = (
				1EDF030F2A542D1F00985EBE /* Base */,
			);
			name = LaunchScreen.storyboard;
			sourceTree = "<group>";
		};
/* End PBXVariantGroup section */

/* Begin XCBuildConfiguration section */
		1EDF03122A542D1F00985EBE /* Debug */ = {
			isa = XCBuildConfiguration;
			buildSettings = {
				ALWAYS_SEARCH_USER_PATHS = NO;
				CLANG_ANALYZER_NONNULL = YES;
				CLANG_ANALYZER_NUMBER_OBJECT_CONVERSION = YES_AGGRESSIVE;
				CLANG_CXX_LANGUAGE_STANDARD = "gnu++20";
				CLANG_ENABLE_MODULES = YES;
				CLANG_ENABLE_OBJC_ARC = YES;
				CLANG_ENABLE_OBJC_WEAK = YES;
				CLANG_WARN_BLOCK_CAPTURE_AUTORELEASING = YES;
				CLANG_WARN_BOOL_CONVERSION = YES;
				CLANG_WARN_COMMA = YES;
				CLANG_WARN_CONSTANT_CONVERSION = YES;
				CLANG_WARN_DEPRECATED_OBJC_IMPLEMENTATIONS = YES;
				CLANG_WARN_DIRECT_OBJC_ISA_USAGE = YES_ERROR;
				CLANG_WARN_DOCUMENTATION_COMMENTS = YES;
				CLANG_WARN_EMPTY_BODY = YES;
				CLANG_WARN_ENUM_CONVERSION = YES;
				CLANG_WARN_INFINITE_RECURSION = YES;
				CLANG_WARN_INT_CONVERSION = YES;
				CLANG_WARN_NON_LITERAL_NULL_CONVERSION = YES;
				CLANG_WARN_OBJC_IMPLICIT_RETAIN_SELF = YES;
				CLANG_WARN_OBJC_LITERAL_CONVERSION = YES;
				CLANG_WARN_OBJC_ROOT_CLASS = YES_ERROR;
				CLANG_WARN_QUOTED_INCLUDE_IN_FRAMEWORK_HEADER = YES;
				CLANG_WARN_RANGE_LOOP_ANALYSIS = YES;
				CLANG_WARN_STRICT_PROTOTYPES = YES;
				CLANG_WARN_SUSPICIOUS_MOVE = YES;
				CLANG_WARN_UNGUARDED_AVAILABILITY = YES_AGGRESSIVE;
				CLANG_WARN_UNREACHABLE_CODE = YES;
				CLANG_WARN__DUPLICATE_METHOD_MATCH = YES;
				COPY_PHASE_STRIP = NO;
				DEBUG_INFORMATION_FORMAT = dwarf;
				ENABLE_STRICT_OBJC_MSGSEND = YES;
				ENABLE_TESTABILITY = YES;
				GCC_C_LANGUAGE_STANDARD = gnu11;
				GCC_DYNAMIC_NO_PIC = NO;
				GCC_NO_COMMON_BLOCKS = YES;
				GCC_OPTIMIZATION_LEVEL = 0;
				GCC_PREPROCESSOR_DEFINITIONS = (
					"DEBUG=1",
					"$(inherited)",
				);
				GCC_WARN_64_TO_32_BIT_CONVERSION = YES;
				GCC_WARN_ABOUT_RETURN_TYPE = YES_ERROR;
				GCC_WARN_UNDECLARED_SELECTOR = YES;
				GCC_WARN_UNINITIALIZED_AUTOS = YES_AGGRESSIVE;
				GCC_WARN_UNUSED_FUNCTION = YES;
				GCC_WARN_UNUSED_VARIABLE = YES;
				IPHONEOS_DEPLOYMENT_TARGET = 16.4;
				MTL_ENABLE_DEBUG_INFO = INCLUDE_SOURCE;
				MTL_FAST_MATH = YES;
				ONLY_ACTIVE_ARCH = YES;
				SDKROOT = iphoneos;
				SWIFT_ACTIVE_COMPILATION_CONDITIONS = DEBUG;
				SWIFT_OPTIMIZATION_LEVEL = "-Onone";
			};
			name = Debug;
		};
		1EDF03132A542D1F00985EBE /* Release */ = {
			isa = XCBuildConfiguration;
			buildSettings = {
				ALWAYS_SEARCH_USER_PATHS = NO;
				CLANG_ANALYZER_NONNULL = YES;
				CLANG_ANALYZER_NUMBER_OBJECT_CONVERSION = YES_AGGRESSIVE;
				CLANG_CXX_LANGUAGE_STANDARD = "gnu++20";
				CLANG_ENABLE_MODULES = YES;
				CLANG_ENABLE_OBJC_ARC = YES;
				CLANG_ENABLE_OBJC_WEAK = YES;
				CLANG_WARN_BLOCK_CAPTURE_AUTORELEASING = YES;
				CLANG_WARN_BOOL_CONVERSION = YES;
				CLANG_WARN_COMMA = YES;
				CLANG_WARN_CONSTANT_CONVERSION = YES;
				CLANG_WARN_DEPRECATED_OBJC_IMPLEMENTATIONS = YES;
				CLANG_WARN_DIRECT_OBJC_ISA_USAGE = YES_ERROR;
				CLANG_WARN_DOCUMENTATION_COMMENTS = YES;
				CLANG_WARN_EMPTY_BODY = YES;
				CLANG_WARN_ENUM_CONVERSION = YES;
				CLANG_WARN_INFINITE_RECURSION = YES;
				CLANG_WARN_INT_CONVERSION = YES;
				CLANG_WARN_NON_LITERAL_NULL_CONVERSION = YES;
				CLANG_WARN_OBJC_IMPLICIT_RETAIN_SELF = YES;
				CLANG_WARN_OBJC_LITERAL_CONVERSION = YES;
				CLANG_WARN_OBJC_ROOT_CLASS = YES_ERROR;
				CLANG_WARN_QUOTED_INCLUDE_IN_FRAMEWORK_HEADER = YES;
				CLANG_WARN_RANGE_LOOP_ANALYSIS = YES;
				CLANG_WARN_STRICT_PROTOTYPES = YES;
				CLANG_WARN_SUSPICIOUS_MOVE = YES;
				CLANG_WARN_UNGUARDED_AVAILABILITY = YES_AGGRESSIVE;
				CLANG_WARN_UNREACHABLE_CODE = YES;
				CLANG_WARN__DUPLICATE_METHOD_MATCH = YES;
				COPY_PHASE_STRIP = NO;
				DEBUG_INFORMATION_FORMAT = "dwarf-with-dsym";
				ENABLE_NS_ASSERTIONS = NO;
				ENABLE_STRICT_OBJC_MSGSEND = YES;
				GCC_C_LANGUAGE_STANDARD = gnu11;
				GCC_NO_COMMON_BLOCKS = YES;
				GCC_WARN_64_TO_32_BIT_CONVERSION = YES;
				GCC_WARN_ABOUT_RETURN_TYPE = YES_ERROR;
				GCC_WARN_UNDECLARED_SELECTOR = YES;
				GCC_WARN_UNINITIALIZED_AUTOS = YES_AGGRESSIVE;
				GCC_WARN_UNUSED_FUNCTION = YES;
				GCC_WARN_UNUSED_VARIABLE = YES;
				IPHONEOS_DEPLOYMENT_TARGET = 16.4;
				MTL_ENABLE_DEBUG_INFO = NO;
				MTL_FAST_MATH = YES;
				SDKROOT = iphoneos;
				SWIFT_COMPILATION_MODE = wholemodule;
				SWIFT_OPTIMIZATION_LEVEL = "-O";
				VALIDATE_PRODUCT = YES;
			};
			name = Release;
		};
		1EDF03152A542D1F00985EBE /* Debug */ = {
			isa = XCBuildConfiguration;
			buildSettings = {
				ASSETCATALOG_COMPILER_APPICON_NAME = AppIcon;
				ASSETCATALOG_COMPILER_GLOBAL_ACCENT_COLOR_NAME = AccentColor;
				CODE_SIGN_STYLE = Automatic;
				CURRENT_PROJECT_VERSION = 1;
				DEVELOPMENT_TEAM = RWNWK95DSQ;
				GENERATE_INFOPLIST_FILE = YES;
				INFOPLIST_FILE = NetflixClone/Info.plist;
				INFOPLIST_KEY_UIApplicationSupportsIndirectInputEvents = YES;
				INFOPLIST_KEY_UILaunchStoryboardName = LaunchScreen;
				INFOPLIST_KEY_UISupportedInterfaceOrientations_iPad = "UIInterfaceOrientationPortrait UIInterfaceOrientationPortraitUpsideDown UIInterfaceOrientationLandscapeLeft UIInterfaceOrientationLandscapeRight";
				INFOPLIST_KEY_UISupportedInterfaceOrientations_iPhone = "UIInterfaceOrientationPortrait UIInterfaceOrientationLandscapeLeft UIInterfaceOrientationLandscapeRight";
				LD_RUNPATH_SEARCH_PATHS = (
					"$(inherited)",
					"@executable_path/Frameworks",
				);
				MARKETING_VERSION = 1.0;
				PRODUCT_BUNDLE_IDENTIFIER = elric.NetflixClone;
				PRODUCT_NAME = "$(TARGET_NAME)";
				SWIFT_EMIT_LOC_STRINGS = YES;
				SWIFT_VERSION = 5.0;
				TARGETED_DEVICE_FAMILY = "1,2";
			};
			name = Debug;
		};
		1EDF03162A542D1F00985EBE /* Release */ = {
			isa = XCBuildConfiguration;
			buildSettings = {
				ASSETCATALOG_COMPILER_APPICON_NAME = AppIcon;
				ASSETCATALOG_COMPILER_GLOBAL_ACCENT_COLOR_NAME = AccentColor;
				CODE_SIGN_STYLE = Automatic;
				CURRENT_PROJECT_VERSION = 1;
				DEVELOPMENT_TEAM = RWNWK95DSQ;
				GENERATE_INFOPLIST_FILE = YES;
				INFOPLIST_FILE = NetflixClone/Info.plist;
				INFOPLIST_KEY_UIApplicationSupportsIndirectInputEvents = YES;
				INFOPLIST_KEY_UILaunchStoryboardName = LaunchScreen;
				INFOPLIST_KEY_UISupportedInterfaceOrientations_iPad = "UIInterfaceOrientationPortrait UIInterfaceOrientationPortraitUpsideDown UIInterfaceOrientationLandscapeLeft UIInterfaceOrientationLandscapeRight";
				INFOPLIST_KEY_UISupportedInterfaceOrientations_iPhone = "UIInterfaceOrientationPortrait UIInterfaceOrientationLandscapeLeft UIInterfaceOrientationLandscapeRight";
				LD_RUNPATH_SEARCH_PATHS = (
					"$(inherited)",
					"@executable_path/Frameworks",
				);
				MARKETING_VERSION = 1.0;
				PRODUCT_BUNDLE_IDENTIFIER = elric.NetflixClone;
				PRODUCT_NAME = "$(TARGET_NAME)";
				SWIFT_EMIT_LOC_STRINGS = YES;
				SWIFT_VERSION = 5.0;
				TARGETED_DEVICE_FAMILY = "1,2";
			};
			name = Release;
		};
/* End XCBuildConfiguration section */

/* Begin XCConfigurationList section */
		1EDF02FB2A542D1E00985EBE /* Build configuration list for PBXProject "NetflixClone" */ = {
			isa = XCConfigurationList;
			buildConfigurations = (
				1EDF03122A542D1F00985EBE /* Debug */,
				1EDF03132A542D1F00985EBE /* Release */,
			);
			defaultConfigurationIsVisible = 0;
			defaultConfigurationName = Release;
		};
		1EDF03142A542D1F00985EBE /* Build configuration list for PBXNativeTarget "NetflixClone" */ = {
			isa = XCConfigurationList;
			buildConfigurations = (
				1EDF03152A542D1F00985EBE /* Debug */,
				1EDF03162A542D1F00985EBE /* Release */,
			);
			defaultConfigurationIsVisible = 0;
			defaultConfigurationName = Release;
		};
/* End XCConfigurationList section */

/* Begin XCRemoteSwiftPackageReference section */
		1E30D1F72A61E38200F4CB94 /* XCRemoteSwiftPackageReference "SDWebImage" */ = {
			isa = XCRemoteSwiftPackageReference;
			repositoryURL = "https://github.com/SDWebImage/SDWebImage.git";
			requirement = {
				kind = upToNextMajorVersion;
				minimumVersion = 5.0.0;
			};
		};
		1E5746862A62C0A60094CFA9 /* XCRemoteSwiftPackageReference "ACarousel" */ = {
			isa = XCRemoteSwiftPackageReference;
			repositoryURL = "https://github.com/JWAutumn/ACarousel.git";
			requirement = {
				kind = upToNextMajorVersion;
				minimumVersion = 0.2.0;
			};
		};
		1E6045FC2A6BB90D00FC0141 /* XCRemoteSwiftPackageReference "ScalingCarousel" */ = {
			isa = XCRemoteSwiftPackageReference;
			repositoryURL = "https://github.com/superpeteblaze/ScalingCarousel.git";
			requirement = {
				branch = master;
				kind = branch;
			};
		};
/* End XCRemoteSwiftPackageReference section */

/* Begin XCSwiftPackageProductDependency section */
		1E30D1F82A61E38300F4CB94 /* SDWebImage */ = {
			isa = XCSwiftPackageProductDependency;
			package = 1E30D1F72A61E38200F4CB94 /* XCRemoteSwiftPackageReference "SDWebImage" */;
			productName = SDWebImage;
		};
		1E30D1FA2A61E38300F4CB94 /* SDWebImageMapKit */ = {
			isa = XCSwiftPackageProductDependency;
			package = 1E30D1F72A61E38200F4CB94 /* XCRemoteSwiftPackageReference "SDWebImage" */;
			productName = SDWebImageMapKit;
		};
		1E5746872A62C0A60094CFA9 /* ACarousel */ = {
			isa = XCSwiftPackageProductDependency;
			package = 1E5746862A62C0A60094CFA9 /* XCRemoteSwiftPackageReference "ACarousel" */;
			productName = ACarousel;
		};
		1E6045FD2A6BB90D00FC0141 /* ScalingCarousel */ = {
			isa = XCSwiftPackageProductDependency;
			package = 1E6045FC2A6BB90D00FC0141 /* XCRemoteSwiftPackageReference "ScalingCarousel" */;
			productName = ScalingCarousel;
		};
/* End XCSwiftPackageProductDependency section */
	};
	rootObject = 1EDF02F82A542D1E00985EBE /* Project object */;
}
